
Microsoft Visual Studio Solution File, Format Version 11.00
# Visual Studio 2010
Project("{FAE04EC0-301F-11D3-BF4B-00C04F79EFBC}") = "NavMeshComponents", "NavMeshComponents.csproj", "{5ea3d8c4-6d5e-f202-8b48-f05dc80196c1}"
EndProject
Project("{FAE04EC0-301F-11D3-BF4B-00C04F79EFBC}") = "Assembly-CSharp", "Assembly-CSharp.csproj", "{18bfcc0f-a45b-2fe0-f99f-1f6efa3ecb0f}"
EndProject
Project("{FAE04EC0-301F-11D3-BF4B-00C04F79EFBC}") = "NavMeshComponentsEditor", "NavMeshComponentsEditor.csproj", "{f04298db-c2da-7108-6e3a-7f26d0da4399}"
EndProject
Global
	GlobalSection(SolutionConfigurationPlatforms) = preSolution
		Debug|Any CPU = Debug|Any CPU
	EndGlobalSection
	GlobalSection(ProjectConfigurationPlatforms) = postSolution
		{5ea3d8c4-6d5e-f202-8b48-f05dc80196c1}.Debug|Any CPU.ActiveCfg = Debug|Any CPU
		{5ea3d8c4-6d5e-f202-8b48-f05dc80196c1}.Debug|Any CPU.Build.0 = Debug|Any CPU
		{18bfcc0f-a45b-2fe0-f99f-1f6efa3ecb0f}.Debug|Any CPU.ActiveCfg = Debug|Any CPU
		{18bfcc0f-a45b-2fe0-f99f-1f6efa3ecb0f}.Debug|Any CPU.Build.0 = Debug|Any CPU
		{f04298db-c2da-7108-6e3a-7f26d0da4399}.Debug|Any CPU.ActiveCfg = Debug|Any CPU
		{f04298db-c2da-7108-6e3a-7f26d0da4399}.Debug|Any CPU.Build.0 = Debug|Any CPU
	EndGlobalSection
	GlobalSection(SolutionProperties) = preSolution
		HideSolutionNode = FALSE
	EndGlobalSection
EndGlobal
